
Microsoft Visual Studio Solution File, Format Version 12.00
# Visual Studio Version 17
VisualStudioVersion = 17.12.35707.178
MinimumVisualStudioVersion = 10.0.40219.1
Project("{2150E333-8FDC-42A3-9474-1A3956D46DE8}") = "Lesson_02", "Lesson_02", "{0A110652-D7CA-480D-BB89-D466C3C9582D}"
EndProject
Project("{FAE04EC0-301F-11D3-BF4B-00C04F79EFBC}") = "Task_02_02", "Task_02_02\Task_02_02.csproj", "{CFCA1411-0E49-4F42-AE33-F271B5FD28F3}"
EndProject
Project("{FAE04EC0-301F-11D3-BF4B-00C04F79EFBC}") = "Task_02_04", "Task_02_04\Task_02_04.csproj", "{CCFFE8F6-8722-4B71-8822-CC089732683A}"
EndProject
Project("{2150E333-8FDC-42A3-9474-1A3956D46DE8}") = "Lesson_03", "Lesson_03", "{D20F5CB0-44CB-4838-A6A4-635B3F5FF47F}"
EndProject
Project("{FAE04EC0-301F-11D3-BF4B-00C04F79EFBC}") = "Task_03_04", "Task_03_04\Task_03_04.csproj", "{B7EE68A0-BEC5-4A49-931C-D35283F120E1}"
EndProject
Project("{FAE04EC0-301F-11D3-BF4B-00C04F79EFBC}") = "Task_03_05", "Task_03_05\Task_03_05.csproj", "{1FEA0B92-7162-4FBB-927A-A5E0F9A2FC79}"
EndProject
Project("{FAE04EC0-301F-11D3-BF4B-00C04F79EFBC}") = "Task_03_06", "Task_03_06\Task_03_06.csproj", "{00F1727B-638C-441A-98CA-57F2743DDDFB}"
EndProject
Project("{FAE04EC0-301F-11D3-BF4B-00C04F79EFBC}") = "Task_03_07", "Task_03_07\Task_03_07.csproj", "{6A5ABCB2-B364-4C63-A6D8-FA910F2166F2}"
EndProject
Project("{FAE04EC0-301F-11D3-BF4B-00C04F79EFBC}") = "Task_03_08", "Task_03_08\Task_03_08.csproj", "{8415C80E-198B-4320-AA62-154608B0B711}"
EndProject
Project("{FAE04EC0-301F-11D3-BF4B-00C04F79EFBC}") = "Task_03_09", "Task_03_09\Task_03_09.csproj", "{8C5C594F-8933-4B03-8CF5-F733DDD4B070}"
EndProject
Project("{2150E333-8FDC-42A3-9474-1A3956D46DE8}") = "Lesson_04", "Lesson_04", "{17B6BDB8-6BD2-464A-8DE5-99195AB7EFA5}"
EndProject
Project("{FAE04EC0-301F-11D3-BF4B-00C04F79EFBC}") = "Task_04_05", "Task_04_05\Task_04_05.csproj", "{E823779A-AA8F-4160-905D-A20679907C5A}"
EndProject
Project("{FAE04EC0-301F-11D3-BF4B-00C04F79EFBC}") = "Task_04_06", "Task_04_06\Task_04_06.csproj", "{6B93438F-8F9A-45C3-91A3-B9B583CE2666}"
EndProject
Project("{FAE04EC0-301F-11D3-BF4B-00C04F79EFBC}") = "Task_04_07", "Task_04_07\Task_04_07.csproj", "{663A26E2-B678-46F3-B4CE-D08E3767CE8A}"
EndProject
Project("{FAE04EC0-301F-11D3-BF4B-00C04F79EFBC}") = "Task_04_08", "Task_04_08\Task_04_08.csproj", "{3F69631D-E5A9-44A1-AD4F-C625302D3B48}"
EndProject
Project("{FAE04EC0-301F-11D3-BF4B-00C04F79EFBC}") = "Task_04_09", "Task_04_09\Task_04_09.csproj", "{FFD7C58F-DEAA-4031-AB96-B944E97F887E}"
EndProject
Project("{FAE04EC0-301F-11D3-BF4B-00C04F79EFBC}") = "Task_04_10", "Task_04_10\Task_04_10.csproj", "{35A1AA4B-F9EA-4548-AC7D-100378615CA1}"
EndProject
Project("{2150E333-8FDC-42A3-9474-1A3956D46DE8}") = "Lesson_05", "Lesson_05", "{D2ABCD26-F42D-452F-98F2-034DF386B705}"
EndProject
Project("{FAE04EC0-301F-11D3-BF4B-00C04F79EFBC}") = "Task_05_03", "Task_05_03\Task_05_03.csproj", "{1B7A6F50-0879-4464-9716-7E27F966FFD5}"
EndProject
Project("{FAE04EC0-301F-11D3-BF4B-00C04F79EFBC}") = "Task_05_04", "Task_05_04\Task_05_04.csproj", "{32AE970D-4ED5-4174-B80F-9BF78A88FED0}"
EndProject
Project("{FAE04EC0-301F-11D3-BF4B-00C04F79EFBC}") = "Task_05_05", "Task_05_05\Task_05_05.csproj", "{49E199B9-6E6B-4DE3-A0CE-9759C2F11234}"
EndProject
Project("{FAE04EC0-301F-11D3-BF4B-00C04F79EFBC}") = "Task_05_06", "Task_05_06\Task_05_06.csproj", "{4572B6B3-FAB9-4C97-AF92-B91BACF59B75}"
EndProject
Project("{FAE04EC0-301F-11D3-BF4B-00C04F79EFBC}") = "Task_05_07", "Task_05_07\Task_05_07.csproj", "{2816D9FE-01E4-429F-8453-4D29E5B507C3}"
EndProject
Project("{FAE04EC0-301F-11D3-BF4B-00C04F79EFBC}") = "Task_05_08", "Task_05_08\Task_05_08.csproj", "{9EBF93B1-2E03-414A-A7A9-71FF6B5E3358}"
EndProject
Project("{FAE04EC0-301F-11D3-BF4B-00C04F79EFBC}") = "Task_05_09", "Task_05_09\Task_05_09.csproj", "{26C7BA4B-40D3-45E1-8E83-E3D8FD5F1DC4}"
EndProject
Project("{2150E333-8FDC-42A3-9474-1A3956D46DE8}") = "Lesson_10", "Lesson_10", "{2BECE0D5-82E8-43E1-B132-27C1C973A028}"
EndProject
Project("{FAE04EC0-301F-11D3-BF4B-00C04F79EFBC}") = "Task_10_06", "Task_10_06\Task_10_06.csproj", "{3292406E-2D79-4666-ABB8-F9CB2F2C5B02}"
EndProject
Project("{FAE04EC0-301F-11D3-BF4B-00C04F79EFBC}") = "Task_10_07", "Task_10_07\Task_10_07.csproj", "{66FBDF0C-BFF7-429A-B071-E1F74B4C975F}"
EndProject
Project("{FAE04EC0-301F-11D3-BF4B-00C04F79EFBC}") = "Task_10_08", "Task_10_08\Task_10_08.csproj", "{DA8CDA51-45B9-4D3D-8433-7F9CD8FCEC57}"
EndProject
Project("{2150E333-8FDC-42A3-9474-1A3956D46DE8}") = "Lesson_11", "Lesson_11", "{563E2EC4-C0B1-4F28-A5EC-C2F2FA5186F3}"
EndProject
Project("{FAE04EC0-301F-11D3-BF4B-00C04F79EFBC}") = "Task_11_01", "Task_11_01\Task_11_01.csproj", "{79B8EAD4-6827-41BD-8586-BB5CE10916BC}"
EndProject
Project("{FAE04EC0-301F-11D3-BF4B-00C04F79EFBC}") = "Task_11_02", "Task_11_02\Task_11_02.csproj", "{811FA9ED-78AE-40EC-9BEF-49FF7F19BCB0}"
EndProject
Project("{FAE04EC0-301F-11D3-BF4B-00C04F79EFBC}") = "Task_11_03", "Task_11_03\Task_11_03.csproj", "{AE78F9C2-C985-4F0D-860F-4BCB09D5A568}"
EndProject
Project("{FAE04EC0-301F-11D3-BF4B-00C04F79EFBC}") = "Task_11_04", "Task_11_04\Task_11_04.csproj", "{7018562F-DC73-4288-ADB9-8E0C20F55328}"
EndProject
Project("{FAE04EC0-301F-11D3-BF4B-00C04F79EFBC}") = "Task_11_05", "Task_11_05\Task_11_05.csproj", "{8B2F9552-FAD2-4FC0-83A6-7EF54191FCDE}"
EndProject
Project("{FAE04EC0-301F-11D3-BF4B-00C04F79EFBC}") = "Task_11_06", "Task_11_06\Task_11_06.csproj", "{C36079B9-6A5E-4A77-AD78-EEA09E662267}"
EndProject
Project("{FAE04EC0-301F-11D3-BF4B-00C04F79EFBC}") = "Task_11_07", "Task_11_07\Task_11_07.csproj", "{6C2192BD-D321-4954-A30D-1FF712F784A5}"
EndProject
Project("{FAE04EC0-301F-11D3-BF4B-00C04F79EFBC}") = "Task_11_08", "Task_11_08\Task_11_08.csproj", "{56E82DF3-1C5C-471C-9C31-93A463DF34E1}"
EndProject
Project("{2150E333-8FDC-42A3-9474-1A3956D46DE8}") = "Lesson_12", "Lesson_12", "{3057A682-9ACA-4E9C-A7D2-960C1C071EE8}"
EndProject
Project("{FAE04EC0-301F-11D3-BF4B-00C04F79EFBC}") = "Task_12_01", "Task_12_01\Task_12_01.csproj", "{F7245CC9-E7AE-4585-97EA-C1C383F39559}"
EndProject
Project("{2150E333-8FDC-42A3-9474-1A3956D46DE8}") = "Lesson_13", "Lesson_13", "{E36E5E95-DEDB-4807-9906-7A334949EA41}"
EndProject
Project("{FAE04EC0-301F-11D3-BF4B-00C04F79EFBC}") = "Task_13_02", "Task_13_02\Task_13_02.csproj", "{899A9BB7-B15F-427C-89AF-0F1B651DB710}"
EndProject
Project("{FAE04EC0-301F-11D3-BF4B-00C04F79EFBC}") = "Task_13_03", "Task_13_03\Task_13_03.csproj", "{66173DBB-93D2-4B3F-BAE8-5E53D293D980}"
EndProject
Project("{2150E333-8FDC-42A3-9474-1A3956D46DE8}") = "Lesson_19", "Lesson_19", "{163A4389-9E27-4C3B-BCC0-EE9ABA4EFB15}"
EndProject
Project("{FAE04EC0-301F-11D3-BF4B-00C04F79EFBC}") = "Task_19_01", "Task_19_01\Task_19_01.csproj", "{522A331B-E013-4EFA-B6E2-0ED16FB508A8}"
EndProject
Project("{FAE04EC0-301F-11D3-BF4B-00C04F79EFBC}") = "Task_19_02", "Task_19_02\Task_19_02.csproj", "{612FF98F-0CCF-4C1D-8E71-1D2A57E1480F}"
EndProject
Project("{FAE04EC0-301F-11D3-BF4B-00C04F79EFBC}") = "Task_19_03", "Task_19_03\Task_19_03.csproj", "{1E1FDB26-56A3-4F02-8ED4-8916CB4DDFB4}"
EndProject
Project("{2150E333-8FDC-42A3-9474-1A3956D46DE8}") = "Lesson_20", "Lesson_20", "{5B91188F-D126-4349-B2C1-229B496D35CA}"
EndProject
Project("{FAE04EC0-301F-11D3-BF4B-00C04F79EFBC}") = "Task_20_01", "Task_20_01\Task_20_01.csproj", "{177698B4-9126-458F-9C21-724AA04BA5AE}"
EndProject
Project("{FAE04EC0-301F-11D3-BF4B-00C04F79EFBC}") = "Task_20_02", "Task_20_02\Task_20_02.csproj", "{38ACE8CE-7DE4-42B3-942C-6CDEE2DEE88A}"
EndProject
Project("{FAE04EC0-301F-11D3-BF4B-00C04F79EFBC}") = "Task_20_03", "Task_20_03\Task_20_03.csproj", "{02873D2A-6224-491B-9941-21FC3F620528}"
EndProject
Project("{FAE04EC0-301F-11D3-BF4B-00C04F79EFBC}") = "Task_20_04", "Task_20_04\Task_20_04.csproj", "{4F99D835-551C-40FB-A789-E13C1314DAC7}"
EndProject
Project("{2150E333-8FDC-42A3-9474-1A3956D46DE8}") = "Lesson_23", "Lesson_23", "{54FAECF1-43FE-456E-A81A-2AEE283C6268}"
EndProject
Project("{FAE04EC0-301F-11D3-BF4B-00C04F79EFBC}") = "Task_23_01", "Task_23_01\Task_23_01.csproj", "{75CF9E57-2A76-4A6B-9086-89442DD50E95}"
EndProject
Project("{FAE04EC0-301F-11D3-BF4B-00C04F79EFBC}") = "Task_23_02", "Task_23_02\Task_23_02.csproj", "{3157C419-37D9-4162-A70A-11D6F1B4AA76}"
EndProject
Project("{FAE04EC0-301F-11D3-BF4B-00C04F79EFBC}") = "Task_23_03", "Task_23_03\Task_23_03.csproj", "{AD990F8B-BDC1-497A-B556-0019F0538830}"
EndProject
Global
	GlobalSection(SolutionConfigurationPlatforms) = preSolution
		Debug|Any CPU = Debug|Any CPU
		Release|Any CPU = Release|Any CPU
	EndGlobalSection
	GlobalSection(ProjectConfigurationPlatforms) = postSolution
		{CFCA1411-0E49-4F42-AE33-F271B5FD28F3}.Debug|Any CPU.ActiveCfg = Debug|Any CPU
		{CFCA1411-0E49-4F42-AE33-F271B5FD28F3}.Debug|Any CPU.Build.0 = Debug|Any CPU
		{CFCA1411-0E49-4F42-AE33-F271B5FD28F3}.Release|Any CPU.ActiveCfg = Release|Any CPU
		{CFCA1411-0E49-4F42-AE33-F271B5FD28F3}.Release|Any CPU.Build.0 = Release|Any CPU
		{CCFFE8F6-8722-4B71-8822-CC089732683A}.Debug|Any CPU.ActiveCfg = Debug|Any CPU
		{CCFFE8F6-8722-4B71-8822-CC089732683A}.Debug|Any CPU.Build.0 = Debug|Any CPU
		{CCFFE8F6-8722-4B71-8822-CC089732683A}.Release|Any CPU.ActiveCfg = Release|Any CPU
		{CCFFE8F6-8722-4B71-8822-CC089732683A}.Release|Any CPU.Build.0 = Release|Any CPU
		{B7EE68A0-BEC5-4A49-931C-D35283F120E1}.Debug|Any CPU.ActiveCfg = Debug|Any CPU
		{B7EE68A0-BEC5-4A49-931C-D35283F120E1}.Debug|Any CPU.Build.0 = Debug|Any CPU
		{B7EE68A0-BEC5-4A49-931C-D35283F120E1}.Release|Any CPU.ActiveCfg = Release|Any CPU
		{B7EE68A0-BEC5-4A49-931C-D35283F120E1}.Release|Any CPU.Build.0 = Release|Any CPU
		{1FEA0B92-7162-4FBB-927A-A5E0F9A2FC79}.Debug|Any CPU.ActiveCfg = Debug|Any CPU
		{1FEA0B92-7162-4FBB-927A-A5E0F9A2FC79}.Debug|Any CPU.Build.0 = Debug|Any CPU
		{1FEA0B92-7162-4FBB-927A-A5E0F9A2FC79}.Release|Any CPU.ActiveCfg = Release|Any CPU
		{1FEA0B92-7162-4FBB-927A-A5E0F9A2FC79}.Release|Any CPU.Build.0 = Release|Any CPU
		{00F1727B-638C-441A-98CA-57F2743DDDFB}.Debug|Any CPU.ActiveCfg = Debug|Any CPU
		{00F1727B-638C-441A-98CA-57F2743DDDFB}.Debug|Any CPU.Build.0 = Debug|Any CPU
		{00F1727B-638C-441A-98CA-57F2743DDDFB}.Release|Any CPU.ActiveCfg = Release|Any CPU
		{00F1727B-638C-441A-98CA-57F2743DDDFB}.Release|Any CPU.Build.0 = Release|Any CPU
		{6A5ABCB2-B364-4C63-A6D8-FA910F2166F2}.Debug|Any CPU.ActiveCfg = Debug|Any CPU
		{6A5ABCB2-B364-4C63-A6D8-FA910F2166F2}.Debug|Any CPU.Build.0 = Debug|Any CPU
		{6A5ABCB2-B364-4C63-A6D8-FA910F2166F2}.Release|Any CPU.ActiveCfg = Release|Any CPU
		{6A5ABCB2-B364-4C63-A6D8-FA910F2166F2}.Release|Any CPU.Build.0 = Release|Any CPU
		{8415C80E-198B-4320-AA62-154608B0B711}.Debug|Any CPU.ActiveCfg = Debug|Any CPU
		{8415C80E-198B-4320-AA62-154608B0B711}.Debug|Any CPU.Build.0 = Debug|Any CPU
		{8415C80E-198B-4320-AA62-154608B0B711}.Release|Any CPU.ActiveCfg = Release|Any CPU
		{8415C80E-198B-4320-AA62-154608B0B711}.Release|Any CPU.Build.0 = Release|Any CPU
		{8C5C594F-8933-4B03-8CF5-F733DDD4B070}.Debug|Any CPU.ActiveCfg = Debug|Any CPU
		{8C5C594F-8933-4B03-8CF5-F733DDD4B070}.Debug|Any CPU.Build.0 = Debug|Any CPU
		{8C5C594F-8933-4B03-8CF5-F733DDD4B070}.Release|Any CPU.ActiveCfg = Release|Any CPU
		{8C5C594F-8933-4B03-8CF5-F733DDD4B070}.Release|Any CPU.Build.0 = Release|Any CPU
		{E823779A-AA8F-4160-905D-A20679907C5A}.Debug|Any CPU.ActiveCfg = Debug|Any CPU
		{E823779A-AA8F-4160-905D-A20679907C5A}.Debug|Any CPU.Build.0 = Debug|Any CPU
		{E823779A-AA8F-4160-905D-A20679907C5A}.Release|Any CPU.ActiveCfg = Release|Any CPU
		{E823779A-AA8F-4160-905D-A20679907C5A}.Release|Any CPU.Build.0 = Release|Any CPU
		{6B93438F-8F9A-45C3-91A3-B9B583CE2666}.Debug|Any CPU.ActiveCfg = Debug|Any CPU
		{6B93438F-8F9A-45C3-91A3-B9B583CE2666}.Debug|Any CPU.Build.0 = Debug|Any CPU
		{6B93438F-8F9A-45C3-91A3-B9B583CE2666}.Release|Any CPU.ActiveCfg = Release|Any CPU
		{6B93438F-8F9A-45C3-91A3-B9B583CE2666}.Release|Any CPU.Build.0 = Release|Any CPU
		{663A26E2-B678-46F3-B4CE-D08E3767CE8A}.Debug|Any CPU.ActiveCfg = Debug|Any CPU
		{663A26E2-B678-46F3-B4CE-D08E3767CE8A}.Debug|Any CPU.Build.0 = Debug|Any CPU
		{663A26E2-B678-46F3-B4CE-D08E3767CE8A}.Release|Any CPU.ActiveCfg = Release|Any CPU
		{663A26E2-B678-46F3-B4CE-D08E3767CE8A}.Release|Any CPU.Build.0 = Release|Any CPU
		{3F69631D-E5A9-44A1-AD4F-C625302D3B48}.Debug|Any CPU.ActiveCfg = Debug|Any CPU
		{3F69631D-E5A9-44A1-AD4F-C625302D3B48}.Debug|Any CPU.Build.0 = Debug|Any CPU
		{3F69631D-E5A9-44A1-AD4F-C625302D3B48}.Release|Any CPU.ActiveCfg = Release|Any CPU
		{3F69631D-E5A9-44A1-AD4F-C625302D3B48}.Release|Any CPU.Build.0 = Release|Any CPU
		{FFD7C58F-DEAA-4031-AB96-B944E97F887E}.Debug|Any CPU.ActiveCfg = Debug|Any CPU
		{FFD7C58F-DEAA-4031-AB96-B944E97F887E}.Debug|Any CPU.Build.0 = Debug|Any CPU
		{FFD7C58F-DEAA-4031-AB96-B944E97F887E}.Release|Any CPU.ActiveCfg = Release|Any CPU
		{FFD7C58F-DEAA-4031-AB96-B944E97F887E}.Release|Any CPU.Build.0 = Release|Any CPU
		{35A1AA4B-F9EA-4548-AC7D-100378615CA1}.Debug|Any CPU.ActiveCfg = Debug|Any CPU
		{35A1AA4B-F9EA-4548-AC7D-100378615CA1}.Debug|Any CPU.Build.0 = Debug|Any CPU
		{35A1AA4B-F9EA-4548-AC7D-100378615CA1}.Release|Any CPU.ActiveCfg = Release|Any CPU
		{35A1AA4B-F9EA-4548-AC7D-100378615CA1}.Release|Any CPU.Build.0 = Release|Any CPU
		{1B7A6F50-0879-4464-9716-7E27F966FFD5}.Debug|Any CPU.ActiveCfg = Debug|Any CPU
		{1B7A6F50-0879-4464-9716-7E27F966FFD5}.Debug|Any CPU.Build.0 = Debug|Any CPU
		{1B7A6F50-0879-4464-9716-7E27F966FFD5}.Release|Any CPU.ActiveCfg = Release|Any CPU
		{1B7A6F50-0879-4464-9716-7E27F966FFD5}.Release|Any CPU.Build.0 = Release|Any CPU
		{32AE970D-4ED5-4174-B80F-9BF78A88FED0}.Debug|Any CPU.ActiveCfg = Debug|Any CPU
		{32AE970D-4ED5-4174-B80F-9BF78A88FED0}.Debug|Any CPU.Build.0 = Debug|Any CPU
		{32AE970D-4ED5-4174-B80F-9BF78A88FED0}.Release|Any CPU.ActiveCfg = Release|Any CPU
		{32AE970D-4ED5-4174-B80F-9BF78A88FED0}.Release|Any CPU.Build.0 = Release|Any CPU
		{49E199B9-6E6B-4DE3-A0CE-9759C2F11234}.Debug|Any CPU.ActiveCfg = Debug|Any CPU
		{49E199B9-6E6B-4DE3-A0CE-9759C2F11234}.Debug|Any CPU.Build.0 = Debug|Any CPU
		{49E199B9-6E6B-4DE3-A0CE-9759C2F11234}.Release|Any CPU.ActiveCfg = Release|Any CPU
		{49E199B9-6E6B-4DE3-A0CE-9759C2F11234}.Release|Any CPU.Build.0 = Release|Any CPU
		{4572B6B3-FAB9-4C97-AF92-B91BACF59B75}.Debug|Any CPU.ActiveCfg = Debug|Any CPU
		{4572B6B3-FAB9-4C97-AF92-B91BACF59B75}.Debug|Any CPU.Build.0 = Debug|Any CPU
		{4572B6B3-FAB9-4C97-AF92-B91BACF59B75}.Release|Any CPU.ActiveCfg = Release|Any CPU
		{4572B6B3-FAB9-4C97-AF92-B91BACF59B75}.Release|Any CPU.Build.0 = Release|Any CPU
		{2816D9FE-01E4-429F-8453-4D29E5B507C3}.Debug|Any CPU.ActiveCfg = Debug|Any CPU
		{2816D9FE-01E4-429F-8453-4D29E5B507C3}.Debug|Any CPU.Build.0 = Debug|Any CPU
		{2816D9FE-01E4-429F-8453-4D29E5B507C3}.Release|Any CPU.ActiveCfg = Release|Any CPU
		{2816D9FE-01E4-429F-8453-4D29E5B507C3}.Release|Any CPU.Build.0 = Release|Any CPU
		{9EBF93B1-2E03-414A-A7A9-71FF6B5E3358}.Debug|Any CPU.ActiveCfg = Debug|Any CPU
		{9EBF93B1-2E03-414A-A7A9-71FF6B5E3358}.Debug|Any CPU.Build.0 = Debug|Any CPU
		{9EBF93B1-2E03-414A-A7A9-71FF6B5E3358}.Release|Any CPU.ActiveCfg = Release|Any CPU
		{9EBF93B1-2E03-414A-A7A9-71FF6B5E3358}.Release|Any CPU.Build.0 = Release|Any CPU
		{26C7BA4B-40D3-45E1-8E83-E3D8FD5F1DC4}.Debug|Any CPU.ActiveCfg = Debug|Any CPU
		{26C7BA4B-40D3-45E1-8E83-E3D8FD5F1DC4}.Debug|Any CPU.Build.0 = Debug|Any CPU
		{26C7BA4B-40D3-45E1-8E83-E3D8FD5F1DC4}.Release|Any CPU.ActiveCfg = Release|Any CPU
		{26C7BA4B-40D3-45E1-8E83-E3D8FD5F1DC4}.Release|Any CPU.Build.0 = Release|Any CPU
		{3292406E-2D79-4666-ABB8-F9CB2F2C5B02}.Debug|Any CPU.ActiveCfg = Debug|Any CPU
		{3292406E-2D79-4666-ABB8-F9CB2F2C5B02}.Debug|Any CPU.Build.0 = Debug|Any CPU
		{3292406E-2D79-4666-ABB8-F9CB2F2C5B02}.Release|Any CPU.ActiveCfg = Release|Any CPU
		{3292406E-2D79-4666-ABB8-F9CB2F2C5B02}.Release|Any CPU.Build.0 = Release|Any CPU
		{66FBDF0C-BFF7-429A-B071-E1F74B4C975F}.Debug|Any CPU.ActiveCfg = Debug|Any CPU
		{66FBDF0C-BFF7-429A-B071-E1F74B4C975F}.Debug|Any CPU.Build.0 = Debug|Any CPU
		{66FBDF0C-BFF7-429A-B071-E1F74B4C975F}.Release|Any CPU.ActiveCfg = Release|Any CPU
		{66FBDF0C-BFF7-429A-B071-E1F74B4C975F}.Release|Any CPU.Build.0 = Release|Any CPU
		{DA8CDA51-45B9-4D3D-8433-7F9CD8FCEC57}.Debug|Any CPU.ActiveCfg = Debug|Any CPU
		{DA8CDA51-45B9-4D3D-8433-7F9CD8FCEC57}.Debug|Any CPU.Build.0 = Debug|Any CPU
		{DA8CDA51-45B9-4D3D-8433-7F9CD8FCEC57}.Release|Any CPU.ActiveCfg = Release|Any CPU
		{DA8CDA51-45B9-4D3D-8433-7F9CD8FCEC57}.Release|Any CPU.Build.0 = Release|Any CPU
		{79B8EAD4-6827-41BD-8586-BB5CE10916BC}.Debug|Any CPU.ActiveCfg = Debug|Any CPU
		{79B8EAD4-6827-41BD-8586-BB5CE10916BC}.Debug|Any CPU.Build.0 = Debug|Any CPU
		{79B8EAD4-6827-41BD-8586-BB5CE10916BC}.Release|Any CPU.ActiveCfg = Release|Any CPU
		{79B8EAD4-6827-41BD-8586-BB5CE10916BC}.Release|Any CPU.Build.0 = Release|Any CPU
		{811FA9ED-78AE-40EC-9BEF-49FF7F19BCB0}.Debug|Any CPU.ActiveCfg = Debug|Any CPU
		{811FA9ED-78AE-40EC-9BEF-49FF7F19BCB0}.Debug|Any CPU.Build.0 = Debug|Any CPU
		{811FA9ED-78AE-40EC-9BEF-49FF7F19BCB0}.Release|Any CPU.ActiveCfg = Release|Any CPU
		{811FA9ED-78AE-40EC-9BEF-49FF7F19BCB0}.Release|Any CPU.Build.0 = Release|Any CPU
		{AE78F9C2-C985-4F0D-860F-4BCB09D5A568}.Debug|Any CPU.ActiveCfg = Debug|Any CPU
		{AE78F9C2-C985-4F0D-860F-4BCB09D5A568}.Debug|Any CPU.Build.0 = Debug|Any CPU
		{AE78F9C2-C985-4F0D-860F-4BCB09D5A568}.Release|Any CPU.ActiveCfg = Release|Any CPU
		{AE78F9C2-C985-4F0D-860F-4BCB09D5A568}.Release|Any CPU.Build.0 = Release|Any CPU
		{7018562F-DC73-4288-ADB9-8E0C20F55328}.Debug|Any CPU.ActiveCfg = Debug|Any CPU
		{7018562F-DC73-4288-ADB9-8E0C20F55328}.Debug|Any CPU.Build.0 = Debug|Any CPU
		{7018562F-DC73-4288-ADB9-8E0C20F55328}.Release|Any CPU.ActiveCfg = Release|Any CPU
		{7018562F-DC73-4288-ADB9-8E0C20F55328}.Release|Any CPU.Build.0 = Release|Any CPU
		{8B2F9552-FAD2-4FC0-83A6-7EF54191FCDE}.Debug|Any CPU.ActiveCfg = Debug|Any CPU
		{8B2F9552-FAD2-4FC0-83A6-7EF54191FCDE}.Debug|Any CPU.Build.0 = Debug|Any CPU
		{8B2F9552-FAD2-4FC0-83A6-7EF54191FCDE}.Release|Any CPU.ActiveCfg = Release|Any CPU
		{8B2F9552-FAD2-4FC0-83A6-7EF54191FCDE}.Release|Any CPU.Build.0 = Release|Any CPU
		{C36079B9-6A5E-4A77-AD78-EEA09E662267}.Debug|Any CPU.ActiveCfg = Debug|Any CPU
		{C36079B9-6A5E-4A77-AD78-EEA09E662267}.Debug|Any CPU.Build.0 = Debug|Any CPU
		{C36079B9-6A5E-4A77-AD78-EEA09E662267}.Release|Any CPU.ActiveCfg = Release|Any CPU
		{C36079B9-6A5E-4A77-AD78-EEA09E662267}.Release|Any CPU.Build.0 = Release|Any CPU
		{6C2192BD-D321-4954-A30D-1FF712F784A5}.Debug|Any CPU.ActiveCfg = Debug|Any CPU
		{6C2192BD-D321-4954-A30D-1FF712F784A5}.Debug|Any CPU.Build.0 = Debug|Any CPU
		{6C2192BD-D321-4954-A30D-1FF712F784A5}.Release|Any CPU.ActiveCfg = Release|Any CPU
		{6C2192BD-D321-4954-A30D-1FF712F784A5}.Release|Any CPU.Build.0 = Release|Any CPU
		{56E82DF3-1C5C-471C-9C31-93A463DF34E1}.Debug|Any CPU.ActiveCfg = Debug|Any CPU
		{56E82DF3-1C5C-471C-9C31-93A463DF34E1}.Debug|Any CPU.Build.0 = Debug|Any CPU
		{56E82DF3-1C5C-471C-9C31-93A463DF34E1}.Release|Any CPU.ActiveCfg = Release|Any CPU
		{56E82DF3-1C5C-471C-9C31-93A463DF34E1}.Release|Any CPU.Build.0 = Release|Any CPU
		{F7245CC9-E7AE-4585-97EA-C1C383F39559}.Debug|Any CPU.ActiveCfg = Debug|Any CPU
		{F7245CC9-E7AE-4585-97EA-C1C383F39559}.Debug|Any CPU.Build.0 = Debug|Any CPU
		{F7245CC9-E7AE-4585-97EA-C1C383F39559}.Release|Any CPU.ActiveCfg = Release|Any CPU
		{F7245CC9-E7AE-4585-97EA-C1C383F39559}.Release|Any CPU.Build.0 = Release|Any CPU
		{899A9BB7-B15F-427C-89AF-0F1B651DB710}.Debug|Any CPU.ActiveCfg = Debug|Any CPU
		{899A9BB7-B15F-427C-89AF-0F1B651DB710}.Debug|Any CPU.Build.0 = Debug|Any CPU
		{899A9BB7-B15F-427C-89AF-0F1B651DB710}.Release|Any CPU.ActiveCfg = Release|Any CPU
		{899A9BB7-B15F-427C-89AF-0F1B651DB710}.Release|Any CPU.Build.0 = Release|Any CPU
		{66173DBB-93D2-4B3F-BAE8-5E53D293D980}.Debug|Any CPU.ActiveCfg = Debug|Any CPU
		{66173DBB-93D2-4B3F-BAE8-5E53D293D980}.Debug|Any CPU.Build.0 = Debug|Any CPU
		{66173DBB-93D2-4B3F-BAE8-5E53D293D980}.Release|Any CPU.ActiveCfg = Release|Any CPU
		{66173DBB-93D2-4B3F-BAE8-5E53D293D980}.Release|Any CPU.Build.0 = Release|Any CPU
		{522A331B-E013-4EFA-B6E2-0ED16FB508A8}.Debug|Any CPU.ActiveCfg = Debug|Any CPU
		{522A331B-E013-4EFA-B6E2-0ED16FB508A8}.Debug|Any CPU.Build.0 = Debug|Any CPU
		{522A331B-E013-4EFA-B6E2-0ED16FB508A8}.Release|Any CPU.ActiveCfg = Release|Any CPU
		{522A331B-E013-4EFA-B6E2-0ED16FB508A8}.Release|Any CPU.Build.0 = Release|Any CPU
		{612FF98F-0CCF-4C1D-8E71-1D2A57E1480F}.Debug|Any CPU.ActiveCfg = Debug|Any CPU
		{612FF98F-0CCF-4C1D-8E71-1D2A57E1480F}.Debug|Any CPU.Build.0 = Debug|Any CPU
		{612FF98F-0CCF-4C1D-8E71-1D2A57E1480F}.Release|Any CPU.ActiveCfg = Release|Any CPU
		{612FF98F-0CCF-4C1D-8E71-1D2A57E1480F}.Release|Any CPU.Build.0 = Release|Any CPU
		{1E1FDB26-56A3-4F02-8ED4-8916CB4DDFB4}.Debug|Any CPU.ActiveCfg = Debug|Any CPU
		{1E1FDB26-56A3-4F02-8ED4-8916CB4DDFB4}.Debug|Any CPU.Build.0 = Debug|Any CPU
		{1E1FDB26-56A3-4F02-8ED4-8916CB4DDFB4}.Release|Any CPU.ActiveCfg = Release|Any CPU
		{1E1FDB26-56A3-4F02-8ED4-8916CB4DDFB4}.Release|Any CPU.Build.0 = Release|Any CPU
		{177698B4-9126-458F-9C21-724AA04BA5AE}.Debug|Any CPU.ActiveCfg = Debug|Any CPU
		{177698B4-9126-458F-9C21-724AA04BA5AE}.Debug|Any CPU.Build.0 = Debug|Any CPU
		{177698B4-9126-458F-9C21-724AA04BA5AE}.Release|Any CPU.ActiveCfg = Release|Any CPU
		{177698B4-9126-458F-9C21-724AA04BA5AE}.Release|Any CPU.Build.0 = Release|Any CPU
		{38ACE8CE-7DE4-42B3-942C-6CDEE2DEE88A}.Debug|Any CPU.ActiveCfg = Debug|Any CPU
		{38ACE8CE-7DE4-42B3-942C-6CDEE2DEE88A}.Debug|Any CPU.Build.0 = Debug|Any CPU
		{38ACE8CE-7DE4-42B3-942C-6CDEE2DEE88A}.Release|Any CPU.ActiveCfg = Release|Any CPU
		{38ACE8CE-7DE4-42B3-942C-6CDEE2DEE88A}.Release|Any CPU.Build.0 = Release|Any CPU
		{02873D2A-6224-491B-9941-21FC3F620528}.Debug|Any CPU.ActiveCfg = Debug|Any CPU
		{02873D2A-6224-491B-9941-21FC3F620528}.Debug|Any CPU.Build.0 = Debug|Any CPU
		{02873D2A-6224-491B-9941-21FC3F620528}.Release|Any CPU.ActiveCfg = Release|Any CPU
		{02873D2A-6224-491B-9941-21FC3F620528}.Release|Any CPU.Build.0 = Release|Any CPU
		{4F99D835-551C-40FB-A789-E13C1314DAC7}.Debug|Any CPU.ActiveCfg = Debug|Any CPU
		{4F99D835-551C-40FB-A789-E13C1314DAC7}.Debug|Any CPU.Build.0 = Debug|Any CPU
		{4F99D835-551C-40FB-A789-E13C1314DAC7}.Release|Any CPU.ActiveCfg = Release|Any CPU
		{4F99D835-551C-40FB-A789-E13C1314DAC7}.Release|Any CPU.Build.0 = Release|Any CPU
		{75CF9E57-2A76-4A6B-9086-89442DD50E95}.Debug|Any CPU.ActiveCfg = Debug|Any CPU
		{75CF9E57-2A76-4A6B-9086-89442DD50E95}.Debug|Any CPU.Build.0 = Debug|Any CPU
		{75CF9E57-2A76-4A6B-9086-89442DD50E95}.Release|Any CPU.ActiveCfg = Release|Any CPU
		{75CF9E57-2A76-4A6B-9086-89442DD50E95}.Release|Any CPU.Build.0 = Release|Any CPU
		{3157C419-37D9-4162-A70A-11D6F1B4AA76}.Debug|Any CPU.ActiveCfg = Debug|Any CPU
		{3157C419-37D9-4162-A70A-11D6F1B4AA76}.Debug|Any CPU.Build.0 = Debug|Any CPU
		{3157C419-37D9-4162-A70A-11D6F1B4AA76}.Release|Any CPU.ActiveCfg = Release|Any CPU
		{3157C419-37D9-4162-A70A-11D6F1B4AA76}.Release|Any CPU.Build.0 = Release|Any CPU
		{AD990F8B-BDC1-497A-B556-0019F0538830}.Debug|Any CPU.ActiveCfg = Debug|Any CPU
		{AD990F8B-BDC1-497A-B556-0019F0538830}.Debug|Any CPU.Build.0 = Debug|Any CPU
		{AD990F8B-BDC1-497A-B556-0019F0538830}.Release|Any CPU.ActiveCfg = Release|Any CPU
		{AD990F8B-BDC1-497A-B556-0019F0538830}.Release|Any CPU.Build.0 = Release|Any CPU
	EndGlobalSection
	GlobalSection(SolutionProperties) = preSolution
		HideSolutionNode = FALSE
	EndGlobalSection
	GlobalSection(NestedProjects) = preSolution
		{CFCA1411-0E49-4F42-AE33-F271B5FD28F3} = {0A110652-D7CA-480D-BB89-D466C3C9582D}
		{CCFFE8F6-8722-4B71-8822-CC089732683A} = {0A110652-D7CA-480D-BB89-D466C3C9582D}
		{B7EE68A0-BEC5-4A49-931C-D35283F120E1} = {D20F5CB0-44CB-4838-A6A4-635B3F5FF47F}
		{1FEA0B92-7162-4FBB-927A-A5E0F9A2FC79} = {D20F5CB0-44CB-4838-A6A4-635B3F5FF47F}
		{00F1727B-638C-441A-98CA-57F2743DDDFB} = {D20F5CB0-44CB-4838-A6A4-635B3F5FF47F}
		{6A5ABCB2-B364-4C63-A6D8-FA910F2166F2} = {D20F5CB0-44CB-4838-A6A4-635B3F5FF47F}
		{8415C80E-198B-4320-AA62-154608B0B711} = {D20F5CB0-44CB-4838-A6A4-635B3F5FF47F}
		{8C5C594F-8933-4B03-8CF5-F733DDD4B070} = {D20F5CB0-44CB-4838-A6A4-635B3F5FF47F}
		{E823779A-AA8F-4160-905D-A20679907C5A} = {17B6BDB8-6BD2-464A-8DE5-99195AB7EFA5}
		{6B93438F-8F9A-45C3-91A3-B9B583CE2666} = {17B6BDB8-6BD2-464A-8DE5-99195AB7EFA5}
		{663A26E2-B678-46F3-B4CE-D08E3767CE8A} = {17B6BDB8-6BD2-464A-8DE5-99195AB7EFA5}
		{3F69631D-E5A9-44A1-AD4F-C625302D3B48} = {17B6BDB8-6BD2-464A-8DE5-99195AB7EFA5}
		{FFD7C58F-DEAA-4031-AB96-B944E97F887E} = {17B6BDB8-6BD2-464A-8DE5-99195AB7EFA5}
		{35A1AA4B-F9EA-4548-AC7D-100378615CA1} = {17B6BDB8-6BD2-464A-8DE5-99195AB7EFA5}
		{1B7A6F50-0879-4464-9716-7E27F966FFD5} = {D2ABCD26-F42D-452F-98F2-034DF386B705}
		{32AE970D-4ED5-4174-B80F-9BF78A88FED0} = {D2ABCD26-F42D-452F-98F2-034DF386B705}
		{49E199B9-6E6B-4DE3-A0CE-9759C2F11234} = {D2ABCD26-F42D-452F-98F2-034DF386B705}
		{4572B6B3-FAB9-4C97-AF92-B91BACF59B75} = {D2ABCD26-F42D-452F-98F2-034DF386B705}
		{2816D9FE-01E4-429F-8453-4D29E5B507C3} = {D2ABCD26-F42D-452F-98F2-034DF386B705}
		{9EBF93B1-2E03-414A-A7A9-71FF6B5E3358} = {D2ABCD26-F42D-452F-98F2-034DF386B705}
		{26C7BA4B-40D3-45E1-8E83-E3D8FD5F1DC4} = {D2ABCD26-F42D-452F-98F2-034DF386B705}
		{3292406E-2D79-4666-ABB8-F9CB2F2C5B02} = {2BECE0D5-82E8-43E1-B132-27C1C973A028}
		{66FBDF0C-BFF7-429A-B071-E1F74B4C975F} = {2BECE0D5-82E8-43E1-B132-27C1C973A028}
		{DA8CDA51-45B9-4D3D-8433-7F9CD8FCEC57} = {2BECE0D5-82E8-43E1-B132-27C1C973A028}
		{79B8EAD4-6827-41BD-8586-BB5CE10916BC} = {563E2EC4-C0B1-4F28-A5EC-C2F2FA5186F3}
		{811FA9ED-78AE-40EC-9BEF-49FF7F19BCB0} = {563E2EC4-C0B1-4F28-A5EC-C2F2FA5186F3}
		{AE78F9C2-C985-4F0D-860F-4BCB09D5A568} = {563E2EC4-C0B1-4F28-A5EC-C2F2FA5186F3}
		{7018562F-DC73-4288-ADB9-8E0C20F55328} = {563E2EC4-C0B1-4F28-A5EC-C2F2FA5186F3}
		{8B2F9552-FAD2-4FC0-83A6-7EF54191FCDE} = {563E2EC4-C0B1-4F28-A5EC-C2F2FA5186F3}
		{C36079B9-6A5E-4A77-AD78-EEA09E662267} = {563E2EC4-C0B1-4F28-A5EC-C2F2FA5186F3}
		{6C2192BD-D321-4954-A30D-1FF712F784A5} = {563E2EC4-C0B1-4F28-A5EC-C2F2FA5186F3}
		{56E82DF3-1C5C-471C-9C31-93A463DF34E1} = {563E2EC4-C0B1-4F28-A5EC-C2F2FA5186F3}
		{F7245CC9-E7AE-4585-97EA-C1C383F39559} = {3057A682-9ACA-4E9C-A7D2-960C1C071EE8}
		{899A9BB7-B15F-427C-89AF-0F1B651DB710} = {E36E5E95-DEDB-4807-9906-7A334949EA41}
		{66173DBB-93D2-4B3F-BAE8-5E53D293D980} = {E36E5E95-DEDB-4807-9906-7A334949EA41}
		{522A331B-E013-4EFA-B6E2-0ED16FB508A8} = {163A4389-9E27-4C3B-BCC0-EE9ABA4EFB15}
		{612FF98F-0CCF-4C1D-8E71-1D2A57E1480F} = {163A4389-9E27-4C3B-BCC0-EE9ABA4EFB15}
		{1E1FDB26-56A3-4F02-8ED4-8916CB4DDFB4} = {163A4389-9E27-4C3B-BCC0-EE9ABA4EFB15}
		{177698B4-9126-458F-9C21-724AA04BA5AE} = {5B91188F-D126-4349-B2C1-229B496D35CA}
		{38ACE8CE-7DE4-42B3-942C-6CDEE2DEE88A} = {5B91188F-D126-4349-B2C1-229B496D35CA}
		{02873D2A-6224-491B-9941-21FC3F620528} = {5B91188F-D126-4349-B2C1-229B496D35CA}
		{4F99D835-551C-40FB-A789-E13C1314DAC7} = {5B91188F-D126-4349-B2C1-229B496D35CA}
		{75CF9E57-2A76-4A6B-9086-89442DD50E95} = {54FAECF1-43FE-456E-A81A-2AEE283C6268}
		{3157C419-37D9-4162-A70A-11D6F1B4AA76} = {54FAECF1-43FE-456E-A81A-2AEE283C6268}
		{AD990F8B-BDC1-497A-B556-0019F0538830} = {54FAECF1-43FE-456E-A81A-2AEE283C6268}
	EndGlobalSection
EndGlobal
