
Microsoft Visual Studio Solution File, Format Version 12.00
# Visual Studio Version 17
VisualStudioVersion = 17.12.35707.178
MinimumVisualStudioVersion = 10.0.40219.1
Project("{2150E333-8FDC-42A3-9474-1A3956D46DE8}") = "Lesson_02", "Lesson_02", "{0A110652-D7CA-480D-BB89-D466C3C9582D}"
EndProject
Project("{FAE04EC0-301F-11D3-BF4B-00C04F79EFBC}") = "Task_02_02", "Task_02_02\Task_02_02.csproj", "{CFCA1411-0E49-4F42-AE33-F271B5FD28F3}"
EndProject
Project("{FAE04EC0-301F-11D3-BF4B-00C04F79EFBC}") = "Task_02_04", "Task_02_04\Task_02_04.csproj", "{CCFFE8F6-8722-4B71-8822-CC089732683A}"
EndProject
Project("{2150E333-8FDC-42A3-9474-1A3956D46DE8}") = "Lesson_03", "Lesson_03", "{D20F5CB0-44CB-4838-A6A4-635B3F5FF47F}"
EndProject
Project("{FAE04EC0-301F-11D3-BF4B-00C04F79EFBC}") = "Task_03_04", "Task_03_04\Task_03_04.csproj", "{B7EE68A0-BEC5-4A49-931C-D35283F120E1}"
EndProject
Project("{FAE04EC0-301F-11D3-BF4B-00C04F79EFBC}") = "Task_03_05", "Task_03_05\Task_03_05.csproj", "{1FEA0B92-7162-4FBB-927A-A5E0F9A2FC79}"
EndProject
Project("{FAE04EC0-301F-11D3-BF4B-00C04F79EFBC}") = "Task_03_06", "Task_03_06\Task_03_06.csproj", "{00F1727B-638C-441A-98CA-57F2743DDDFB}"
EndProject
Project("{FAE04EC0-301F-11D3-BF4B-00C04F79EFBC}") = "Task_03_07", "Task_03_07\Task_03_07.csproj", "{6A5ABCB2-B364-4C63-A6D8-FA910F2166F2}"
EndProject
Project("{FAE04EC0-301F-11D3-BF4B-00C04F79EFBC}") = "Task_03_08", "Task_03_08\Task_03_08.csproj", "{8415C80E-198B-4320-AA62-154608B0B711}"
EndProject
Project("{FAE04EC0-301F-11D3-BF4B-00C04F79EFBC}") = "Task_03_09", "Task_03_09\Task_03_09.csproj", "{8C5C594F-8933-4B03-8CF5-F733DDD4B070}"
EndProject
Project("{2150E333-8FDC-42A3-9474-1A3956D46DE8}") = "Lesson_04", "Lesson_04", "{17B6BDB8-6BD2-464A-8DE5-99195AB7EFA5}"
EndProject
Project("{FAE04EC0-301F-11D3-BF4B-00C04F79EFBC}") = "Task_04_05", "Task_04_05\Task_04_05.csproj", "{E823779A-AA8F-4160-905D-A20679907C5A}"
EndProject
Project("{FAE04EC0-301F-11D3-BF4B-00C04F79EFBC}") = "Task_04_06", "Task_04_06\Task_04_06.csproj", "{6B93438F-8F9A-45C3-91A3-B9B583CE2666}"
EndProject
Project("{FAE04EC0-301F-11D3-BF4B-00C04F79EFBC}") = "Task_04_07", "Task_04_07\Task_04_07.csproj", "{663A26E2-B678-46F3-B4CE-D08E3767CE8A}"
EndProject
Project("{FAE04EC0-301F-11D3-BF4B-00C04F79EFBC}") = "Task_04_08", "Task_04_08\Task_04_08.csproj", "{3F69631D-E5A9-44A1-AD4F-C625302D3B48}"
EndProject
Project("{FAE04EC0-301F-11D3-BF4B-00C04F79EFBC}") = "Task_04_09", "Task_04_09\Task_04_09.csproj", "{FFD7C58F-DEAA-4031-AB96-B944E97F887E}"
EndProject
Project("{FAE04EC0-301F-11D3-BF4B-00C04F79EFBC}") = "Task_04_10", "Task_04_10\Task_04_10.csproj", "{35A1AA4B-F9EA-4548-AC7D-100378615CA1}"
EndProject
Project("{2150E333-8FDC-42A3-9474-1A3956D46DE8}") = "Lesson_05", "Lesson_05", "{D2ABCD26-F42D-452F-98F2-034DF386B705}"
EndProject
Project("{FAE04EC0-301F-11D3-BF4B-00C04F79EFBC}") = "Task_05_03", "Task_05_03\Task_05_03.csproj", "{1B7A6F50-0879-4464-9716-7E27F966FFD5}"
EndProject
Project("{FAE04EC0-301F-11D3-BF4B-00C04F79EFBC}") = "Task_05_04", "Task_05_04\Task_05_04.csproj", "{32AE970D-4ED5-4174-B80F-9BF78A88FED0}"
EndProject
Project("{FAE04EC0-301F-11D3-BF4B-00C04F79EFBC}") = "Task_05_05", "Task_05_05\Task_05_05.csproj", "{49E199B9-6E6B-4DE3-A0CE-9759C2F11234}"
EndProject
Global
	GlobalSection(SolutionConfigurationPlatforms) = preSolution
		Debug|Any CPU = Debug|Any CPU
		Release|Any CPU = Release|Any CPU
	EndGlobalSection
	GlobalSection(ProjectConfigurationPlatforms) = postSolution
		{CFCA1411-0E49-4F42-AE33-F271B5FD28F3}.Debug|Any CPU.ActiveCfg = Debug|Any CPU
		{CFCA1411-0E49-4F42-AE33-F271B5FD28F3}.Debug|Any CPU.Build.0 = Debug|Any CPU
		{CFCA1411-0E49-4F42-AE33-F271B5FD28F3}.Release|Any CPU.ActiveCfg = Release|Any CPU
		{CFCA1411-0E49-4F42-AE33-F271B5FD28F3}.Release|Any CPU.Build.0 = Release|Any CPU
		{CCFFE8F6-8722-4B71-8822-CC089732683A}.Debug|Any CPU.ActiveCfg = Debug|Any CPU
		{CCFFE8F6-8722-4B71-8822-CC089732683A}.Debug|Any CPU.Build.0 = Debug|Any CPU
		{CCFFE8F6-8722-4B71-8822-CC089732683A}.Release|Any CPU.ActiveCfg = Release|Any CPU
		{CCFFE8F6-8722-4B71-8822-CC089732683A}.Release|Any CPU.Build.0 = Release|Any CPU
		{B7EE68A0-BEC5-4A49-931C-D35283F120E1}.Debug|Any CPU.ActiveCfg = Debug|Any CPU
		{B7EE68A0-BEC5-4A49-931C-D35283F120E1}.Debug|Any CPU.Build.0 = Debug|Any CPU
		{B7EE68A0-BEC5-4A49-931C-D35283F120E1}.Release|Any CPU.ActiveCfg = Release|Any CPU
		{B7EE68A0-BEC5-4A49-931C-D35283F120E1}.Release|Any CPU.Build.0 = Release|Any CPU
		{1FEA0B92-7162-4FBB-927A-A5E0F9A2FC79}.Debug|Any CPU.ActiveCfg = Debug|Any CPU
		{1FEA0B92-7162-4FBB-927A-A5E0F9A2FC79}.Debug|Any CPU.Build.0 = Debug|Any CPU
		{1FEA0B92-7162-4FBB-927A-A5E0F9A2FC79}.Release|Any CPU.ActiveCfg = Release|Any CPU
		{1FEA0B92-7162-4FBB-927A-A5E0F9A2FC79}.Release|Any CPU.Build.0 = Release|Any CPU
		{00F1727B-638C-441A-98CA-57F2743DDDFB}.Debug|Any CPU.ActiveCfg = Debug|Any CPU
		{00F1727B-638C-441A-98CA-57F2743DDDFB}.Debug|Any CPU.Build.0 = Debug|Any CPU
		{00F1727B-638C-441A-98CA-57F2743DDDFB}.Release|Any CPU.ActiveCfg = Release|Any CPU
		{00F1727B-638C-441A-98CA-57F2743DDDFB}.Release|Any CPU.Build.0 = Release|Any CPU
		{6A5ABCB2-B364-4C63-A6D8-FA910F2166F2}.Debug|Any CPU.ActiveCfg = Debug|Any CPU
		{6A5ABCB2-B364-4C63-A6D8-FA910F2166F2}.Debug|Any CPU.Build.0 = Debug|Any CPU
		{6A5ABCB2-B364-4C63-A6D8-FA910F2166F2}.Release|Any CPU.ActiveCfg = Release|Any CPU
		{6A5ABCB2-B364-4C63-A6D8-FA910F2166F2}.Release|Any CPU.Build.0 = Release|Any CPU
		{8415C80E-198B-4320-AA62-154608B0B711}.Debug|Any CPU.ActiveCfg = Debug|Any CPU
		{8415C80E-198B-4320-AA62-154608B0B711}.Debug|Any CPU.Build.0 = Debug|Any CPU
		{8415C80E-198B-4320-AA62-154608B0B711}.Release|Any CPU.ActiveCfg = Release|Any CPU
		{8415C80E-198B-4320-AA62-154608B0B711}.Release|Any CPU.Build.0 = Release|Any CPU
		{8C5C594F-8933-4B03-8CF5-F733DDD4B070}.Debug|Any CPU.ActiveCfg = Debug|Any CPU
		{8C5C594F-8933-4B03-8CF5-F733DDD4B070}.Debug|Any CPU.Build.0 = Debug|Any CPU
		{8C5C594F-8933-4B03-8CF5-F733DDD4B070}.Release|Any CPU.ActiveCfg = Release|Any CPU
		{8C5C594F-8933-4B03-8CF5-F733DDD4B070}.Release|Any CPU.Build.0 = Release|Any CPU
		{E823779A-AA8F-4160-905D-A20679907C5A}.Debug|Any CPU.ActiveCfg = Debug|Any CPU
		{E823779A-AA8F-4160-905D-A20679907C5A}.Debug|Any CPU.Build.0 = Debug|Any CPU
		{E823779A-AA8F-4160-905D-A20679907C5A}.Release|Any CPU.ActiveCfg = Release|Any CPU
		{E823779A-AA8F-4160-905D-A20679907C5A}.Release|Any CPU.Build.0 = Release|Any CPU
		{6B93438F-8F9A-45C3-91A3-B9B583CE2666}.Debug|Any CPU.ActiveCfg = Debug|Any CPU
		{6B93438F-8F9A-45C3-91A3-B9B583CE2666}.Debug|Any CPU.Build.0 = Debug|Any CPU
		{6B93438F-8F9A-45C3-91A3-B9B583CE2666}.Release|Any CPU.ActiveCfg = Release|Any CPU
		{6B93438F-8F9A-45C3-91A3-B9B583CE2666}.Release|Any CPU.Build.0 = Release|Any CPU
		{663A26E2-B678-46F3-B4CE-D08E3767CE8A}.Debug|Any CPU.ActiveCfg = Debug|Any CPU
		{663A26E2-B678-46F3-B4CE-D08E3767CE8A}.Debug|Any CPU.Build.0 = Debug|Any CPU
		{663A26E2-B678-46F3-B4CE-D08E3767CE8A}.Release|Any CPU.ActiveCfg = Release|Any CPU
		{663A26E2-B678-46F3-B4CE-D08E3767CE8A}.Release|Any CPU.Build.0 = Release|Any CPU
		{3F69631D-E5A9-44A1-AD4F-C625302D3B48}.Debug|Any CPU.ActiveCfg = Debug|Any CPU
		{3F69631D-E5A9-44A1-AD4F-C625302D3B48}.Debug|Any CPU.Build.0 = Debug|Any CPU
		{3F69631D-E5A9-44A1-AD4F-C625302D3B48}.Release|Any CPU.ActiveCfg = Release|Any CPU
		{3F69631D-E5A9-44A1-AD4F-C625302D3B48}.Release|Any CPU.Build.0 = Release|Any CPU
		{FFD7C58F-DEAA-4031-AB96-B944E97F887E}.Debug|Any CPU.ActiveCfg = Debug|Any CPU
		{FFD7C58F-DEAA-4031-AB96-B944E97F887E}.Debug|Any CPU.Build.0 = Debug|Any CPU
		{FFD7C58F-DEAA-4031-AB96-B944E97F887E}.Release|Any CPU.ActiveCfg = Release|Any CPU
		{FFD7C58F-DEAA-4031-AB96-B944E97F887E}.Release|Any CPU.Build.0 = Release|Any CPU
		{35A1AA4B-F9EA-4548-AC7D-100378615CA1}.Debug|Any CPU.ActiveCfg = Debug|Any CPU
		{35A1AA4B-F9EA-4548-AC7D-100378615CA1}.Debug|Any CPU.Build.0 = Debug|Any CPU
		{35A1AA4B-F9EA-4548-AC7D-100378615CA1}.Release|Any CPU.ActiveCfg = Release|Any CPU
		{35A1AA4B-F9EA-4548-AC7D-100378615CA1}.Release|Any CPU.Build.0 = Release|Any CPU
		{1B7A6F50-0879-4464-9716-7E27F966FFD5}.Debug|Any CPU.ActiveCfg = Debug|Any CPU
		{1B7A6F50-0879-4464-9716-7E27F966FFD5}.Debug|Any CPU.Build.0 = Debug|Any CPU
		{1B7A6F50-0879-4464-9716-7E27F966FFD5}.Release|Any CPU.ActiveCfg = Release|Any CPU
		{1B7A6F50-0879-4464-9716-7E27F966FFD5}.Release|Any CPU.Build.0 = Release|Any CPU
		{32AE970D-4ED5-4174-B80F-9BF78A88FED0}.Debug|Any CPU.ActiveCfg = Debug|Any CPU
		{32AE970D-4ED5-4174-B80F-9BF78A88FED0}.Debug|Any CPU.Build.0 = Debug|Any CPU
		{32AE970D-4ED5-4174-B80F-9BF78A88FED0}.Release|Any CPU.ActiveCfg = Release|Any CPU
		{32AE970D-4ED5-4174-B80F-9BF78A88FED0}.Release|Any CPU.Build.0 = Release|Any CPU
		{49E199B9-6E6B-4DE3-A0CE-9759C2F11234}.Debug|Any CPU.ActiveCfg = Debug|Any CPU
		{49E199B9-6E6B-4DE3-A0CE-9759C2F11234}.Debug|Any CPU.Build.0 = Debug|Any CPU
		{49E199B9-6E6B-4DE3-A0CE-9759C2F11234}.Release|Any CPU.ActiveCfg = Release|Any CPU
		{49E199B9-6E6B-4DE3-A0CE-9759C2F11234}.Release|Any CPU.Build.0 = Release|Any CPU
	EndGlobalSection
	GlobalSection(SolutionProperties) = preSolution
		HideSolutionNode = FALSE
	EndGlobalSection
	GlobalSection(NestedProjects) = preSolution
		{CFCA1411-0E49-4F42-AE33-F271B5FD28F3} = {0A110652-D7CA-480D-BB89-D466C3C9582D}
		{CCFFE8F6-8722-4B71-8822-CC089732683A} = {0A110652-D7CA-480D-BB89-D466C3C9582D}
		{B7EE68A0-BEC5-4A49-931C-D35283F120E1} = {D20F5CB0-44CB-4838-A6A4-635B3F5FF47F}
		{1FEA0B92-7162-4FBB-927A-A5E0F9A2FC79} = {D20F5CB0-44CB-4838-A6A4-635B3F5FF47F}
		{00F1727B-638C-441A-98CA-57F2743DDDFB} = {D20F5CB0-44CB-4838-A6A4-635B3F5FF47F}
		{6A5ABCB2-B364-4C63-A6D8-FA910F2166F2} = {D20F5CB0-44CB-4838-A6A4-635B3F5FF47F}
		{8415C80E-198B-4320-AA62-154608B0B711} = {D20F5CB0-44CB-4838-A6A4-635B3F5FF47F}
		{8C5C594F-8933-4B03-8CF5-F733DDD4B070} = {D20F5CB0-44CB-4838-A6A4-635B3F5FF47F}
		{E823779A-AA8F-4160-905D-A20679907C5A} = {17B6BDB8-6BD2-464A-8DE5-99195AB7EFA5}
		{6B93438F-8F9A-45C3-91A3-B9B583CE2666} = {17B6BDB8-6BD2-464A-8DE5-99195AB7EFA5}
		{663A26E2-B678-46F3-B4CE-D08E3767CE8A} = {17B6BDB8-6BD2-464A-8DE5-99195AB7EFA5}
		{3F69631D-E5A9-44A1-AD4F-C625302D3B48} = {17B6BDB8-6BD2-464A-8DE5-99195AB7EFA5}
		{FFD7C58F-DEAA-4031-AB96-B944E97F887E} = {17B6BDB8-6BD2-464A-8DE5-99195AB7EFA5}
		{35A1AA4B-F9EA-4548-AC7D-100378615CA1} = {17B6BDB8-6BD2-464A-8DE5-99195AB7EFA5}
		{1B7A6F50-0879-4464-9716-7E27F966FFD5} = {D2ABCD26-F42D-452F-98F2-034DF386B705}
		{32AE970D-4ED5-4174-B80F-9BF78A88FED0} = {D2ABCD26-F42D-452F-98F2-034DF386B705}
		{49E199B9-6E6B-4DE3-A0CE-9759C2F11234} = {D2ABCD26-F42D-452F-98F2-034DF386B705}
	EndGlobalSection
EndGlobal
